// !$*UTF8*$!
{
	archiveVersion = 1;
	classes = {
	};
	objectVersion = 56;
	objects = {

/* Begin PBXBuildFile section */
		0613E53B29A0F278000A58B5 /* CastNetworkManager.swift in Sources */ = {isa = PBXBuildFile; fileRef = 0613E53A29A0F278000A58B5 /* CastNetworkManager.swift */; };
		06198B5D297EE750001809E6 /* AuthorizationViewModel.swift in Sources */ = {isa = PBXBuildFile; fileRef = 06198B5C297EE750001809E6 /* AuthorizationViewModel.swift */; };
		062EC7C029829A8D0052986F /* movieMan.json in Resources */ = {isa = PBXBuildFile; fileRef = 062EC7BC29829A8D0052986F /* movieMan.json */; };
		062EC7C129829A8D0052986F /* girlsMovie.json in Resources */ = {isa = PBXBuildFile; fileRef = 062EC7BD29829A8D0052986F /* girlsMovie.json */; };
		062EC7C229829A8D0052986F /* camera.json in Resources */ = {isa = PBXBuildFile; fileRef = 062EC7BE29829A8D0052986F /* camera.json */; };
		062EC7C529829B310052986F /* OnboardingCollectionViewCell.xib in Resources */ = {isa = PBXBuildFile; fileRef = 062EC7C429829B310052986F /* OnboardingCollectionViewCell.xib */; };
		06312C16299FBD9400AE26C0 /* CastModels.swift in Sources */ = {isa = PBXBuildFile; fileRef = 06312C15299FBD9400AE26C0 /* CastModels.swift */; };
		06312C1A299FBFE700AE26C0 /* CastAndCrewResultModels.swift in Sources */ = {isa = PBXBuildFile; fileRef = 06312C19299FBFE700AE26C0 /* CastAndCrewResultModels.swift */; };
		06312C1C299FC03600AE26C0 /* CrewModels.swift in Sources */ = {isa = PBXBuildFile; fileRef = 06312C1B299FC03600AE26C0 /* CrewModels.swift */; };
		06312C1F299FC1BD00AE26C0 /* DetailCollectionViewCell.swift in Sources */ = {isa = PBXBuildFile; fileRef = 06312C1D299FC1BD00AE26C0 /* DetailCollectionViewCell.swift */; };
		06312C20299FC1BD00AE26C0 /* DetailCollectionViewCell.xib in Resources */ = {isa = PBXBuildFile; fileRef = 06312C1E299FC1BD00AE26C0 /* DetailCollectionViewCell.xib */; };
		0631C19929802F1100215476 /* OnboardingSlideModel.swift in Sources */ = {isa = PBXBuildFile; fileRef = 0631C19829802F1100215476 /* OnboardingSlideModel.swift */; };
		063FA0812981471000C9BAF0 /* OnboardingCollectionViewCell.swift in Sources */ = {isa = PBXBuildFile; fileRef = 063FA0802981471000C9BAF0 /* OnboardingCollectionViewCell.swift */; };
		06424623299BBC9B0031F332 /* SearchViewController.swift in Sources */ = {isa = PBXBuildFile; fileRef = 06424622299BBC9B0031F332 /* SearchViewController.swift */; };
		06424625299BBCA80031F332 /* FavouritesViewController.swift in Sources */ = {isa = PBXBuildFile; fileRef = 06424624299BBCA80031F332 /* FavouritesViewController.swift */; };
		06424627299BC1EE0031F332 /* TabBarViewController.swift in Sources */ = {isa = PBXBuildFile; fileRef = 06424626299BC1EE0031F332 /* TabBarViewController.swift */; };
		06424629299BD4220031F332 /* DetailNetworkManager.swift in Sources */ = {isa = PBXBuildFile; fileRef = 06424628299BD4220031F332 /* DetailNetworkManager.swift */; };
		0642462B299BD5CF0031F332 /* VideoPlayerModel.swift in Sources */ = {isa = PBXBuildFile; fileRef = 0642462A299BD5CF0031F332 /* VideoPlayerModel.swift */; };
		0642462D299BDAD60031F332 /* DetailViewModel.swift in Sources */ = {isa = PBXBuildFile; fileRef = 0642462C299BDAD60031F332 /* DetailViewModel.swift */; };
		06499CDF297FFE3E008F120F /* Assets.xcassets in Resources */ = {isa = PBXBuildFile; fileRef = 06499CDE297FFE3E008F120F /* Assets.xcassets */; };
		0650210A29A62B1A00FEFB79 /* SearchTableViewCell.swift in Sources */ = {isa = PBXBuildFile; fileRef = 0650210829A62B1A00FEFB79 /* SearchTableViewCell.swift */; };
		0650210B29A62B1A00FEFB79 /* SearchTableViewCell.xib in Resources */ = {isa = PBXBuildFile; fileRef = 0650210929A62B1A00FEFB79 /* SearchTableViewCell.xib */; };
		065339AC29893ABB002CE23E /* GenresModels.swift in Sources */ = {isa = PBXBuildFile; fileRef = 065339AB29893ABB002CE23E /* GenresModels.swift */; };
		065339AE2989408B002CE23E /* GenresNetworkManager.swift in Sources */ = {isa = PBXBuildFile; fileRef = 065339AD2989408B002CE23E /* GenresNetworkManager.swift */; };
		0656ECC829969302003C6929 /* DetailViewController.swift in Sources */ = {isa = PBXBuildFile; fileRef = 0656ECC729969302003C6929 /* DetailViewController.swift */; };
		06636DEE29941BDB008DBC9B /* HeaderSectionCollectionViewCell.swift in Sources */ = {isa = PBXBuildFile; fileRef = 06636DED29941BDB008DBC9B /* HeaderSectionCollectionViewCell.swift */; };
		066904F829931ECE00302EE4 /* Constants.swift in Sources */ = {isa = PBXBuildFile; fileRef = 066904F729931ECE00302EE4 /* Constants.swift */; };
		066908EA2982D46700367ABD /* CodecPro-Ultra.ttf in Resources */ = {isa = PBXBuildFile; fileRef = 066908D72982D46600367ABD /* CodecPro-Ultra.ttf */; };
		066908EB2982D46700367ABD /* CodecPro-UltraItalic.ttf in Resources */ = {isa = PBXBuildFile; fileRef = 066908D82982D46600367ABD /* CodecPro-UltraItalic.ttf */; };
		066908EC2982D46700367ABD /* CodecPro-ExtraLightItalic.ttf in Resources */ = {isa = PBXBuildFile; fileRef = 066908D92982D46600367ABD /* CodecPro-ExtraLightItalic.ttf */; };
		066908ED2982D46700367ABD /* CodecPro-ExtraBold.ttf in Resources */ = {isa = PBXBuildFile; fileRef = 066908DA2982D46600367ABD /* CodecPro-ExtraBold.ttf */; };
		066908EE2982D46700367ABD /* CodecPro-FatItalic.ttf in Resources */ = {isa = PBXBuildFile; fileRef = 066908DB2982D46600367ABD /* CodecPro-FatItalic.ttf */; };
		066908EF2982D46700367ABD /* CodecPro-Heavy.ttf in Resources */ = {isa = PBXBuildFile; fileRef = 066908DC2982D46600367ABD /* CodecPro-Heavy.ttf */; };
		066908F02982D46700367ABD /* CodecPro-Thin.ttf in Resources */ = {isa = PBXBuildFile; fileRef = 066908DD2982D46600367ABD /* CodecPro-Thin.ttf */; };
		066908F12982D46700367ABD /* CodecPro-NewsItalic.ttf in Resources */ = {isa = PBXBuildFile; fileRef = 066908DE2982D46600367ABD /* CodecPro-NewsItalic.ttf */; };
		066908F22982D46700367ABD /* CodecPro-BoldItalic.ttf in Resources */ = {isa = PBXBuildFile; fileRef = 066908DF2982D46700367ABD /* CodecPro-BoldItalic.ttf */; };
		066908F32982D46700367ABD /* CodecPro-Bold.ttf in Resources */ = {isa = PBXBuildFile; fileRef = 066908E02982D46700367ABD /* CodecPro-Bold.ttf */; };
		066908F42982D46700367ABD /* CodecPro-LightItalic.ttf in Resources */ = {isa = PBXBuildFile; fileRef = 066908E12982D46700367ABD /* CodecPro-LightItalic.ttf */; };
		066908F52982D46700367ABD /* CodecPro-ExtraBoldItalic.ttf in Resources */ = {isa = PBXBuildFile; fileRef = 066908E22982D46700367ABD /* CodecPro-ExtraBoldItalic.ttf */; };
		066908F62982D46700367ABD /* CodecPro-UltraBlackItalic.ttf in Resources */ = {isa = PBXBuildFile; fileRef = 066908E32982D46700367ABD /* CodecPro-UltraBlackItalic.ttf */; };
		066908F72982D46700367ABD /* CodecPro-News.ttf in Resources */ = {isa = PBXBuildFile; fileRef = 066908E42982D46700367ABD /* CodecPro-News.ttf */; };
		066908F82982D46700367ABD /* CodecPro-HeavyItalic.ttf in Resources */ = {isa = PBXBuildFile; fileRef = 066908E52982D46700367ABD /* CodecPro-HeavyItalic.ttf */; };
		066908F92982D46700367ABD /* CodecPro-ThinItalic.ttf in Resources */ = {isa = PBXBuildFile; fileRef = 066908E62982D46700367ABD /* CodecPro-ThinItalic.ttf */; };
		066908FA2982D46700367ABD /* CodecPro-Light.ttf in Resources */ = {isa = PBXBuildFile; fileRef = 066908E72982D46700367ABD /* CodecPro-Light.ttf */; };
		066908FB2982D46700367ABD /* CodecPro-Fat.ttf in Resources */ = {isa = PBXBuildFile; fileRef = 066908E82982D46700367ABD /* CodecPro-Fat.ttf */; };
		066908FC2982D46700367ABD /* CodecPro-UltraBlack.ttf in Resources */ = {isa = PBXBuildFile; fileRef = 066908E92982D46700367ABD /* CodecPro-UltraBlack.ttf */; };
		0678E8B129A23E9C006AE959 /* SearchNetworkManager.swift in Sources */ = {isa = PBXBuildFile; fileRef = 0678E8B029A23E9C006AE959 /* SearchNetworkManager.swift */; };
		0678E8B329A23F08006AE959 /* SearchViewModel.swift in Sources */ = {isa = PBXBuildFile; fileRef = 0678E8B229A23F08006AE959 /* SearchViewModel.swift */; };
		06A9088F29856A8100691E6F /* GenresViewController.swift in Sources */ = {isa = PBXBuildFile; fileRef = 06A9088E29856A8100691E6F /* GenresViewController.swift */; };
		06AB309A298BFB100050F169 /* GenresViewModel.swift in Sources */ = {isa = PBXBuildFile; fileRef = 06AB3099298BFB100050F169 /* GenresViewModel.swift */; };
		06B98521297D940700777123 /* AppDelegate.swift in Sources */ = {isa = PBXBuildFile; fileRef = 06B98520297D940700777123 /* AppDelegate.swift */; };
		06B98523297D940700777123 /* SceneDelegate.swift in Sources */ = {isa = PBXBuildFile; fileRef = 06B98522297D940700777123 /* SceneDelegate.swift */; };
		06B98528297D940700777123 /* Main.storyboard in Resources */ = {isa = PBXBuildFile; fileRef = 06B98526297D940700777123 /* Main.storyboard */; };
		06B9852D297D940700777123 /* LaunchScreen.storyboard in Resources */ = {isa = PBXBuildFile; fileRef = 06B9852B297D940700777123 /* LaunchScreen.storyboard */; };
		06B98535297D943600777123 /* Podfile in Resources */ = {isa = PBXBuildFile; fileRef = 06B98534297D943600777123 /* Podfile */; };
		06B98539297D958B00777123 /* AuthorizationViewController.swift in Sources */ = {isa = PBXBuildFile; fileRef = 06B98538297D958B00777123 /* AuthorizationViewController.swift */; };
		06B9853B297D969600777123 /* AuthorizationNetworkManager.swift in Sources */ = {isa = PBXBuildFile; fileRef = 06B9853A297D969600777123 /* AuthorizationNetworkManager.swift */; };
		06B9853D297D974E00777123 /* AuthorizationModels.swift in Sources */ = {isa = PBXBuildFile; fileRef = 06B9853C297D974E00777123 /* AuthorizationModels.swift */; };
		06B9853F297D9AA200777123 /* OnboardViewController.swift in Sources */ = {isa = PBXBuildFile; fileRef = 06B9853E297D9AA200777123 /* OnboardViewController.swift */; };
		06E93AC4298D37C4006711F6 /* GenresCollectionViewCell.swift in Sources */ = {isa = PBXBuildFile; fileRef = 06E93AC3298D37C4006711F6 /* GenresCollectionViewCell.swift */; };
		06E93AC6298D37DC006711F6 /* GenresCollectionViewCell.xib in Resources */ = {isa = PBXBuildFile; fileRef = 06E93AC5298D37DC006711F6 /* GenresCollectionViewCell.xib */; };
		B7EC6AE678393EAC0514A2AF /* Pods_TheMovieDB.framework in Frameworks */ = {isa = PBXBuildFile; fileRef = 0D5C77BC1C06E3E08A9344C5 /* Pods_TheMovieDB.framework */; };
/* End PBXBuildFile section */

/* Begin PBXFileReference section */
		0613E53A29A0F278000A58B5 /* CastNetworkManager.swift */ = {isa = PBXFileReference; lastKnownFileType = sourcecode.swift; path = CastNetworkManager.swift; sourceTree = "<group>"; };
		06198B5C297EE750001809E6 /* AuthorizationViewModel.swift */ = {isa = PBXFileReference; lastKnownFileType = sourcecode.swift; path = AuthorizationViewModel.swift; sourceTree = "<group>"; };
		062EC7BC29829A8D0052986F /* movieMan.json */ = {isa = PBXFileReference; fileEncoding = 4; lastKnownFileType = text.json; path = movieMan.json; sourceTree = "<group>"; };
		062EC7BD29829A8D0052986F /* girlsMovie.json */ = {isa = PBXFileReference; fileEncoding = 4; lastKnownFileType = text.json; path = girlsMovie.json; sourceTree = "<group>"; };
		062EC7BE29829A8D0052986F /* camera.json */ = {isa = PBXFileReference; fileEncoding = 4; lastKnownFileType = text.json; path = camera.json; sourceTree = "<group>"; };
		062EC7C429829B310052986F /* OnboardingCollectionViewCell.xib */ = {isa = PBXFileReference; lastKnownFileType = file.xib; path = OnboardingCollectionViewCell.xib; sourceTree = "<group>"; };
		06312C15299FBD9400AE26C0 /* CastModels.swift */ = {isa = PBXFileReference; lastKnownFileType = sourcecode.swift; path = CastModels.swift; sourceTree = "<group>"; };
		06312C19299FBFE700AE26C0 /* CastAndCrewResultModels.swift */ = {isa = PBXFileReference; lastKnownFileType = sourcecode.swift; path = CastAndCrewResultModels.swift; sourceTree = "<group>"; };
		06312C1B299FC03600AE26C0 /* CrewModels.swift */ = {isa = PBXFileReference; lastKnownFileType = sourcecode.swift; path = CrewModels.swift; sourceTree = "<group>"; };
		06312C1D299FC1BD00AE26C0 /* DetailCollectionViewCell.swift */ = {isa = PBXFileReference; lastKnownFileType = sourcecode.swift; path = DetailCollectionViewCell.swift; sourceTree = "<group>"; };
		06312C1E299FC1BD00AE26C0 /* DetailCollectionViewCell.xib */ = {isa = PBXFileReference; lastKnownFileType = file.xib; path = DetailCollectionViewCell.xib; sourceTree = "<group>"; };
		0631C19829802F1100215476 /* OnboardingSlideModel.swift */ = {isa = PBXFileReference; lastKnownFileType = sourcecode.swift; path = OnboardingSlideModel.swift; sourceTree = "<group>"; };
		063FA0802981471000C9BAF0 /* OnboardingCollectionViewCell.swift */ = {isa = PBXFileReference; lastKnownFileType = sourcecode.swift; path = OnboardingCollectionViewCell.swift; sourceTree = "<group>"; };
		06424622299BBC9B0031F332 /* SearchViewController.swift */ = {isa = PBXFileReference; lastKnownFileType = sourcecode.swift; path = SearchViewController.swift; sourceTree = "<group>"; };
		06424624299BBCA80031F332 /* FavouritesViewController.swift */ = {isa = PBXFileReference; lastKnownFileType = sourcecode.swift; path = FavouritesViewController.swift; sourceTree = "<group>"; };
		06424626299BC1EE0031F332 /* TabBarViewController.swift */ = {isa = PBXFileReference; lastKnownFileType = sourcecode.swift; path = TabBarViewController.swift; sourceTree = "<group>"; };
		06424628299BD4220031F332 /* DetailNetworkManager.swift */ = {isa = PBXFileReference; lastKnownFileType = sourcecode.swift; path = DetailNetworkManager.swift; sourceTree = "<group>"; };
		0642462A299BD5CF0031F332 /* VideoPlayerModel.swift */ = {isa = PBXFileReference; lastKnownFileType = sourcecode.swift; path = VideoPlayerModel.swift; sourceTree = "<group>"; };
		0642462C299BDAD60031F332 /* DetailViewModel.swift */ = {isa = PBXFileReference; lastKnownFileType = sourcecode.swift; path = DetailViewModel.swift; sourceTree = "<group>"; };
		06499CDE297FFE3E008F120F /* Assets.xcassets */ = {isa = PBXFileReference; lastKnownFileType = folder.assetcatalog; path = Assets.xcassets; sourceTree = "<group>"; };
		0650210829A62B1A00FEFB79 /* SearchTableViewCell.swift */ = {isa = PBXFileReference; lastKnownFileType = sourcecode.swift; path = SearchTableViewCell.swift; sourceTree = "<group>"; };
		0650210929A62B1A00FEFB79 /* SearchTableViewCell.xib */ = {isa = PBXFileReference; lastKnownFileType = file.xib; path = SearchTableViewCell.xib; sourceTree = "<group>"; };
		065339AB29893ABB002CE23E /* GenresModels.swift */ = {isa = PBXFileReference; lastKnownFileType = sourcecode.swift; path = GenresModels.swift; sourceTree = "<group>"; };
		065339AD2989408B002CE23E /* GenresNetworkManager.swift */ = {isa = PBXFileReference; lastKnownFileType = sourcecode.swift; path = GenresNetworkManager.swift; sourceTree = "<group>"; };
		0656ECC729969302003C6929 /* DetailViewController.swift */ = {isa = PBXFileReference; lastKnownFileType = sourcecode.swift; path = DetailViewController.swift; sourceTree = "<group>"; };
		06636DED29941BDB008DBC9B /* HeaderSectionCollectionViewCell.swift */ = {isa = PBXFileReference; lastKnownFileType = sourcecode.swift; path = HeaderSectionCollectionViewCell.swift; sourceTree = "<group>"; };
		066904F729931ECE00302EE4 /* Constants.swift */ = {isa = PBXFileReference; lastKnownFileType = sourcecode.swift; path = Constants.swift; sourceTree = "<group>"; };
		066908D72982D46600367ABD /* CodecPro-Ultra.ttf */ = {isa = PBXFileReference; lastKnownFileType = file; path = "CodecPro-Ultra.ttf"; sourceTree = "<group>"; };
		066908D82982D46600367ABD /* CodecPro-UltraItalic.ttf */ = {isa = PBXFileReference; lastKnownFileType = file; path = "CodecPro-UltraItalic.ttf"; sourceTree = "<group>"; };
		066908D92982D46600367ABD /* CodecPro-ExtraLightItalic.ttf */ = {isa = PBXFileReference; lastKnownFileType = file; path = "CodecPro-ExtraLightItalic.ttf"; sourceTree = "<group>"; };
		066908DA2982D46600367ABD /* CodecPro-ExtraBold.ttf */ = {isa = PBXFileReference; lastKnownFileType = file; path = "CodecPro-ExtraBold.ttf"; sourceTree = "<group>"; };
		066908DB2982D46600367ABD /* CodecPro-FatItalic.ttf */ = {isa = PBXFileReference; lastKnownFileType = file; path = "CodecPro-FatItalic.ttf"; sourceTree = "<group>"; };
		066908DC2982D46600367ABD /* CodecPro-Heavy.ttf */ = {isa = PBXFileReference; lastKnownFileType = file; path = "CodecPro-Heavy.ttf"; sourceTree = "<group>"; };
		066908DD2982D46600367ABD /* CodecPro-Thin.ttf */ = {isa = PBXFileReference; lastKnownFileType = file; path = "CodecPro-Thin.ttf"; sourceTree = "<group>"; };
		066908DE2982D46600367ABD /* CodecPro-NewsItalic.ttf */ = {isa = PBXFileReference; lastKnownFileType = file; path = "CodecPro-NewsItalic.ttf"; sourceTree = "<group>"; };
		066908DF2982D46700367ABD /* CodecPro-BoldItalic.ttf */ = {isa = PBXFileReference; lastKnownFileType = file; path = "CodecPro-BoldItalic.ttf"; sourceTree = "<group>"; };
		066908E02982D46700367ABD /* CodecPro-Bold.ttf */ = {isa = PBXFileReference; lastKnownFileType = file; path = "CodecPro-Bold.ttf"; sourceTree = "<group>"; };
		066908E12982D46700367ABD /* CodecPro-LightItalic.ttf */ = {isa = PBXFileReference; lastKnownFileType = file; path = "CodecPro-LightItalic.ttf"; sourceTree = "<group>"; };
		066908E22982D46700367ABD /* CodecPro-ExtraBoldItalic.ttf */ = {isa = PBXFileReference; lastKnownFileType = file; path = "CodecPro-ExtraBoldItalic.ttf"; sourceTree = "<group>"; };
		066908E32982D46700367ABD /* CodecPro-UltraBlackItalic.ttf */ = {isa = PBXFileReference; lastKnownFileType = file; path = "CodecPro-UltraBlackItalic.ttf"; sourceTree = "<group>"; };
		066908E42982D46700367ABD /* CodecPro-News.ttf */ = {isa = PBXFileReference; lastKnownFileType = file; path = "CodecPro-News.ttf"; sourceTree = "<group>"; };
		066908E52982D46700367ABD /* CodecPro-HeavyItalic.ttf */ = {isa = PBXFileReference; lastKnownFileType = file; path = "CodecPro-HeavyItalic.ttf"; sourceTree = "<group>"; };
		066908E62982D46700367ABD /* CodecPro-ThinItalic.ttf */ = {isa = PBXFileReference; lastKnownFileType = file; path = "CodecPro-ThinItalic.ttf"; sourceTree = "<group>"; };
		066908E72982D46700367ABD /* CodecPro-Light.ttf */ = {isa = PBXFileReference; lastKnownFileType = file; path = "CodecPro-Light.ttf"; sourceTree = "<group>"; };
		066908E82982D46700367ABD /* CodecPro-Fat.ttf */ = {isa = PBXFileReference; lastKnownFileType = file; path = "CodecPro-Fat.ttf"; sourceTree = "<group>"; };
		066908E92982D46700367ABD /* CodecPro-UltraBlack.ttf */ = {isa = PBXFileReference; lastKnownFileType = file; path = "CodecPro-UltraBlack.ttf"; sourceTree = "<group>"; };
		0678E8B029A23E9C006AE959 /* SearchNetworkManager.swift */ = {isa = PBXFileReference; lastKnownFileType = sourcecode.swift; path = SearchNetworkManager.swift; sourceTree = "<group>"; };
		0678E8B229A23F08006AE959 /* SearchViewModel.swift */ = {isa = PBXFileReference; lastKnownFileType = sourcecode.swift; path = SearchViewModel.swift; sourceTree = "<group>"; };
		06A9088E29856A8100691E6F /* GenresViewController.swift */ = {isa = PBXFileReference; lastKnownFileType = sourcecode.swift; path = GenresViewController.swift; sourceTree = "<group>"; };
		06AB3099298BFB100050F169 /* GenresViewModel.swift */ = {isa = PBXFileReference; lastKnownFileType = sourcecode.swift; path = GenresViewModel.swift; sourceTree = "<group>"; };
		06B9851D297D940700777123 /* TheMovieDB.app */ = {isa = PBXFileReference; explicitFileType = wrapper.application; includeInIndex = 0; path = TheMovieDB.app; sourceTree = BUILT_PRODUCTS_DIR; };
		06B98520297D940700777123 /* AppDelegate.swift */ = {isa = PBXFileReference; lastKnownFileType = sourcecode.swift; path = AppDelegate.swift; sourceTree = "<group>"; };
		06B98522297D940700777123 /* SceneDelegate.swift */ = {isa = PBXFileReference; lastKnownFileType = sourcecode.swift; path = SceneDelegate.swift; sourceTree = "<group>"; };
		06B98527297D940700777123 /* Base */ = {isa = PBXFileReference; lastKnownFileType = file.storyboard; name = Base; path = Base.lproj/Main.storyboard; sourceTree = "<group>"; };
		06B9852C297D940700777123 /* Base */ = {isa = PBXFileReference; lastKnownFileType = file.storyboard; name = Base; path = Base.lproj/LaunchScreen.storyboard; sourceTree = "<group>"; };
		06B9852E297D940700777123 /* Info.plist */ = {isa = PBXFileReference; lastKnownFileType = text.plist.xml; path = Info.plist; sourceTree = "<group>"; };
		06B98534297D943600777123 /* Podfile */ = {isa = PBXFileReference; fileEncoding = 4; lastKnownFileType = text; path = Podfile; sourceTree = SOURCE_ROOT; xcLanguageSpecificationIdentifier = xcode.lang.ruby; };
		06B98538297D958B00777123 /* AuthorizationViewController.swift */ = {isa = PBXFileReference; lastKnownFileType = sourcecode.swift; path = AuthorizationViewController.swift; sourceTree = "<group>"; };
		06B9853A297D969600777123 /* AuthorizationNetworkManager.swift */ = {isa = PBXFileReference; lastKnownFileType = sourcecode.swift; path = AuthorizationNetworkManager.swift; sourceTree = "<group>"; };
		06B9853C297D974E00777123 /* AuthorizationModels.swift */ = {isa = PBXFileReference; lastKnownFileType = sourcecode.swift; path = AuthorizationModels.swift; sourceTree = "<group>"; };
		06B9853E297D9AA200777123 /* OnboardViewController.swift */ = {isa = PBXFileReference; lastKnownFileType = sourcecode.swift; path = OnboardViewController.swift; sourceTree = "<group>"; };
		06E93AC3298D37C4006711F6 /* GenresCollectionViewCell.swift */ = {isa = PBXFileReference; lastKnownFileType = sourcecode.swift; path = GenresCollectionViewCell.swift; sourceTree = "<group>"; };
		06E93AC5298D37DC006711F6 /* GenresCollectionViewCell.xib */ = {isa = PBXFileReference; lastKnownFileType = file.xib; path = GenresCollectionViewCell.xib; sourceTree = "<group>"; };
		0D5C77BC1C06E3E08A9344C5 /* Pods_TheMovieDB.framework */ = {isa = PBXFileReference; explicitFileType = wrapper.framework; includeInIndex = 0; path = Pods_TheMovieDB.framework; sourceTree = BUILT_PRODUCTS_DIR; };
		962508F82D8DDCAEB0105BAF /* Pods-TheMovieDB.release.xcconfig */ = {isa = PBXFileReference; includeInIndex = 1; lastKnownFileType = text.xcconfig; name = "Pods-TheMovieDB.release.xcconfig"; path = "Target Support Files/Pods-TheMovieDB/Pods-TheMovieDB.release.xcconfig"; sourceTree = "<group>"; };
		D2CD8924CDF1D00486DCE296 /* Pods-TheMovieDB.debug.xcconfig */ = {isa = PBXFileReference; includeInIndex = 1; lastKnownFileType = text.xcconfig; name = "Pods-TheMovieDB.debug.xcconfig"; path = "Target Support Files/Pods-TheMovieDB/Pods-TheMovieDB.debug.xcconfig"; sourceTree = "<group>"; };
/* End PBXFileReference section */

/* Begin PBXFrameworksBuildPhase section */
		06B9851A297D940700777123 /* Frameworks */ = {
			isa = PBXFrameworksBuildPhase;
			buildActionMask = 2147483647;
			files = (
				B7EC6AE678393EAC0514A2AF /* Pods_TheMovieDB.framework in Frameworks */,
			);
			runOnlyForDeploymentPostprocessing = 0;
		};
/* End PBXFrameworksBuildPhase section */

/* Begin PBXGroup section */
		06424620299BBC430031F332 /* SearchViews */ = {
			isa = PBXGroup;
			children = (
				06424622299BBC9B0031F332 /* SearchViewController.swift */,
				0650210829A62B1A00FEFB79 /* SearchTableViewCell.swift */,
				0650210929A62B1A00FEFB79 /* SearchTableViewCell.xib */,
			);
			path = SearchViews;
			sourceTree = "<group>";
		};
		06424621299BBC550031F332 /* FavouritesViews */ = {
			isa = PBXGroup;
			children = (
				06424624299BBCA80031F332 /* FavouritesViewController.swift */,
			);
			path = FavouritesViews;
			sourceTree = "<group>";
		};
		06499CE5298012E4008F120F /* Animations */ = {
			isa = PBXGroup;
			children = (
				062EC7BE29829A8D0052986F /* camera.json */,
				062EC7BD29829A8D0052986F /* girlsMovie.json */,
				062EC7BC29829A8D0052986F /* movieMan.json */,
			);
			path = Animations;
			sourceTree = "<group>";
		};
		0656ECC6299692D1003C6929 /* DetailViews */ = {
			isa = PBXGroup;
			children = (
				0656ECC729969302003C6929 /* DetailViewController.swift */,
				06312C1D299FC1BD00AE26C0 /* DetailCollectionViewCell.swift */,
				06312C1E299FC1BD00AE26C0 /* DetailCollectionViewCell.xib */,
			);
			path = DetailViews;
			sourceTree = "<group>";
		};
		065F61A52987E0430058CD47 /* ViewModels */ = {
			isa = PBXGroup;
			children = (
				06198B5C297EE750001809E6 /* AuthorizationViewModel.swift */,
				06AB3099298BFB100050F169 /* GenresViewModel.swift */,
				0642462C299BDAD60031F332 /* DetailViewModel.swift */,
				0678E8B229A23F08006AE959 /* SearchViewModel.swift */,
			);
			path = ViewModels;
			sourceTree = "<group>";
		};
		065F61A62987E0B10058CD47 /* Views */ = {
			isa = PBXGroup;
			children = (
				065F61A72987E0D30058CD47 /* AuthorizationViews */,
				065F61A82987E1170058CD47 /* OnboardViews */,
				065F61A92987E1860058CD47 /* GenresViews */,
				0656ECC6299692D1003C6929 /* DetailViews */,
				06424620299BBC430031F332 /* SearchViews */,
				06424621299BBC550031F332 /* FavouritesViews */,
			);
			path = Views;
			sourceTree = "<group>";
		};
		065F61A72987E0D30058CD47 /* AuthorizationViews */ = {
			isa = PBXGroup;
			children = (
				06B98538297D958B00777123 /* AuthorizationViewController.swift */,
			);
			path = AuthorizationViews;
			sourceTree = "<group>";
		};
		065F61A82987E1170058CD47 /* OnboardViews */ = {
			isa = PBXGroup;
			children = (
				06B9853E297D9AA200777123 /* OnboardViewController.swift */,
				063FA0802981471000C9BAF0 /* OnboardingCollectionViewCell.swift */,
				062EC7C429829B310052986F /* OnboardingCollectionViewCell.xib */,
			);
			path = OnboardViews;
			sourceTree = "<group>";
		};
		065F61A92987E1860058CD47 /* GenresViews */ = {
			isa = PBXGroup;
			children = (
				06A9088E29856A8100691E6F /* GenresViewController.swift */,
				06E93AC3298D37C4006711F6 /* GenresCollectionViewCell.swift */,
				06E93AC5298D37DC006711F6 /* GenresCollectionViewCell.xib */,
				06636DED29941BDB008DBC9B /* HeaderSectionCollectionViewCell.swift */,
			);
			path = GenresViews;
			sourceTree = "<group>";
		};
		065F61AA2987E2380058CD47 /* Models */ = {
			isa = PBXGroup;
			children = (
				06B9853C297D974E00777123 /* AuthorizationModels.swift */,
				0631C19829802F1100215476 /* OnboardingSlideModel.swift */,
				065339AB29893ABB002CE23E /* GenresModels.swift */,
				0642462A299BD5CF0031F332 /* VideoPlayerModel.swift */,
				06312C15299FBD9400AE26C0 /* CastModels.swift */,
				06312C19299FBFE700AE26C0 /* CastAndCrewResultModels.swift */,
				06312C1B299FC03600AE26C0 /* CrewModels.swift */,
			);
			path = Models;
			sourceTree = "<group>";
		};
		065F61AB2987E2F40058CD47 /* NetworkManagers */ = {
			isa = PBXGroup;
			children = (
				06B9853A297D969600777123 /* AuthorizationNetworkManager.swift */,
				065339AD2989408B002CE23E /* GenresNetworkManager.swift */,
				06424628299BD4220031F332 /* DetailNetworkManager.swift */,
				0613E53A29A0F278000A58B5 /* CastNetworkManager.swift */,
				0678E8B029A23E9C006AE959 /* SearchNetworkManager.swift */,
			);
			path = NetworkManagers;
			sourceTree = "<group>";
		};
		066904F629931E9500302EE4 /* Constants */ = {
			isa = PBXGroup;
			children = (
				066904F729931ECE00302EE4 /* Constants.swift */,
			);
			path = Constants;
			sourceTree = "<group>";
		};
		066908D62982D42B00367ABD /* Fonts */ = {
			isa = PBXGroup;
			children = (
				066908E02982D46700367ABD /* CodecPro-Bold.ttf */,
				066908DF2982D46700367ABD /* CodecPro-BoldItalic.ttf */,
				066908DA2982D46600367ABD /* CodecPro-ExtraBold.ttf */,
				066908E22982D46700367ABD /* CodecPro-ExtraBoldItalic.ttf */,
				066908D92982D46600367ABD /* CodecPro-ExtraLightItalic.ttf */,
				066908E82982D46700367ABD /* CodecPro-Fat.ttf */,
				066908DB2982D46600367ABD /* CodecPro-FatItalic.ttf */,
				066908DC2982D46600367ABD /* CodecPro-Heavy.ttf */,
				066908E52982D46700367ABD /* CodecPro-HeavyItalic.ttf */,
				066908E72982D46700367ABD /* CodecPro-Light.ttf */,
				066908E12982D46700367ABD /* CodecPro-LightItalic.ttf */,
				066908E42982D46700367ABD /* CodecPro-News.ttf */,
				066908DE2982D46600367ABD /* CodecPro-NewsItalic.ttf */,
				066908DD2982D46600367ABD /* CodecPro-Thin.ttf */,
				066908E62982D46700367ABD /* CodecPro-ThinItalic.ttf */,
				066908D72982D46600367ABD /* CodecPro-Ultra.ttf */,
				066908E92982D46700367ABD /* CodecPro-UltraBlack.ttf */,
				066908E32982D46700367ABD /* CodecPro-UltraBlackItalic.ttf */,
				066908D82982D46600367ABD /* CodecPro-UltraItalic.ttf */,
			);
			path = Fonts;
			sourceTree = "<group>";
		};
		06B98514297D940700777123 = {
			isa = PBXGroup;
			children = (
				06B9851F297D940700777123 /* TheMovieDB */,
				06B9851E297D940700777123 /* Products */,
				7A02F021FF8913C3A42BA936 /* Pods */,
				C67AF406898AC73B9489D16C /* Frameworks */,
			);
			sourceTree = "<group>";
		};
		06B9851E297D940700777123 /* Products */ = {
			isa = PBXGroup;
			children = (
				06B9851D297D940700777123 /* TheMovieDB.app */,
			);
			name = Products;
			sourceTree = "<group>";
		};
		06B9851F297D940700777123 /* TheMovieDB */ = {
			isa = PBXGroup;
			children = (
				065F61A52987E0430058CD47 /* ViewModels */,
				065F61A62987E0B10058CD47 /* Views */,
				065F61AA2987E2380058CD47 /* Models */,
				065F61AB2987E2F40058CD47 /* NetworkManagers */,
				066904F629931E9500302EE4 /* Constants */,
				06B98536297D949600777123 /* DefaultFiles */,
				06B98537297D94C100777123 /* Storyboards */,
				06499CE5298012E4008F120F /* Animations */,
				066908D62982D42B00367ABD /* Fonts */,
				06499CDE297FFE3E008F120F /* Assets.xcassets */,
				06B9852E297D940700777123 /* Info.plist */,
				06B98534297D943600777123 /* Podfile */,
				06424626299BC1EE0031F332 /* TabBarViewController.swift */,
			);
			path = TheMovieDB;
			sourceTree = "<group>";
		};
		06B98536297D949600777123 /* DefaultFiles */ = {
			isa = PBXGroup;
			children = (
				06B98520297D940700777123 /* AppDelegate.swift */,
				06B98522297D940700777123 /* SceneDelegate.swift */,
			);
			path = DefaultFiles;
			sourceTree = "<group>";
		};
		06B98537297D94C100777123 /* Storyboards */ = {
			isa = PBXGroup;
			children = (
				06B98526297D940700777123 /* Main.storyboard */,
				06B9852B297D940700777123 /* LaunchScreen.storyboard */,
			);
			path = Storyboards;
			sourceTree = "<group>";
		};
		7A02F021FF8913C3A42BA936 /* Pods */ = {
			isa = PBXGroup;
			children = (
				D2CD8924CDF1D00486DCE296 /* Pods-TheMovieDB.debug.xcconfig */,
				962508F82D8DDCAEB0105BAF /* Pods-TheMovieDB.release.xcconfig */,
			);
			path = Pods;
			sourceTree = "<group>";
		};
		C67AF406898AC73B9489D16C /* Frameworks */ = {
			isa = PBXGroup;
			children = (
				0D5C77BC1C06E3E08A9344C5 /* Pods_TheMovieDB.framework */,
			);
			name = Frameworks;
			sourceTree = "<group>";
		};
/* End PBXGroup section */

/* Begin PBXNativeTarget section */
		06B9851C297D940700777123 /* TheMovieDB */ = {
			isa = PBXNativeTarget;
			buildConfigurationList = 06B98531297D940700777123 /* Build configuration list for PBXNativeTarget "TheMovieDB" */;
			buildPhases = (
				B1F4E696DFDBBAB2E558CEEC /* [CP] Check Pods Manifest.lock */,
				06B98519297D940700777123 /* Sources */,
				06B9851A297D940700777123 /* Frameworks */,
				06B9851B297D940700777123 /* Resources */,
				8342F6BCEBF88E04E36AEEBB /* [CP] Embed Pods Frameworks */,
			);
			buildRules = (
			);
			dependencies = (
			);
			name = TheMovieDB;
			productName = TheMovieDB;
			productReference = 06B9851D297D940700777123 /* TheMovieDB.app */;
			productType = "com.apple.product-type.application";
		};
/* End PBXNativeTarget section */

/* Begin PBXProject section */
		06B98515297D940700777123 /* Project object */ = {
			isa = PBXProject;
			attributes = {
				BuildIndependentTargetsInParallel = 1;
				LastSwiftUpdateCheck = 1420;
				LastUpgradeCheck = 1420;
				TargetAttributes = {
					06B9851C297D940700777123 = {
						CreatedOnToolsVersion = 14.2;
					};
				};
			};
			buildConfigurationList = 06B98518297D940700777123 /* Build configuration list for PBXProject "TheMovieDB" */;
			compatibilityVersion = "Xcode 14.0";
			developmentRegion = en;
			hasScannedForEncodings = 0;
			knownRegions = (
				en,
				Base,
			);
			mainGroup = 06B98514297D940700777123;
			productRefGroup = 06B9851E297D940700777123 /* Products */;
			projectDirPath = "";
			projectRoot = "";
			targets = (
				06B9851C297D940700777123 /* TheMovieDB */,
			);
		};
/* End PBXProject section */

/* Begin PBXResourcesBuildPhase section */
		06B9851B297D940700777123 /* Resources */ = {
			isa = PBXResourcesBuildPhase;
			buildActionMask = 2147483647;
			files = (
				066908EE2982D46700367ABD /* CodecPro-FatItalic.ttf in Resources */,
				066908FB2982D46700367ABD /* CodecPro-Fat.ttf in Resources */,
				066908EF2982D46700367ABD /* CodecPro-Heavy.ttf in Resources */,
				066908F22982D46700367ABD /* CodecPro-BoldItalic.ttf in Resources */,
				066908F52982D46700367ABD /* CodecPro-ExtraBoldItalic.ttf in Resources */,
				066908F42982D46700367ABD /* CodecPro-LightItalic.ttf in Resources */,
				066908F12982D46700367ABD /* CodecPro-NewsItalic.ttf in Resources */,
				066908FA2982D46700367ABD /* CodecPro-Light.ttf in Resources */,
				066908F72982D46700367ABD /* CodecPro-News.ttf in Resources */,
				06312C20299FC1BD00AE26C0 /* DetailCollectionViewCell.xib in Resources */,
				066908EB2982D46700367ABD /* CodecPro-UltraItalic.ttf in Resources */,
				066908F92982D46700367ABD /* CodecPro-ThinItalic.ttf in Resources */,
				06B9852D297D940700777123 /* LaunchScreen.storyboard in Resources */,
				066908EC2982D46700367ABD /* CodecPro-ExtraLightItalic.ttf in Resources */,
				066908EA2982D46700367ABD /* CodecPro-Ultra.ttf in Resources */,
				066908F32982D46700367ABD /* CodecPro-Bold.ttf in Resources */,
				06B98535297D943600777123 /* Podfile in Resources */,
				066908FC2982D46700367ABD /* CodecPro-UltraBlack.ttf in Resources */,
				062EC7C029829A8D0052986F /* movieMan.json in Resources */,
				066908F82982D46700367ABD /* CodecPro-HeavyItalic.ttf in Resources */,
				06499CDF297FFE3E008F120F /* Assets.xcassets in Resources */,
				066908ED2982D46700367ABD /* CodecPro-ExtraBold.ttf in Resources */,
				062EC7C529829B310052986F /* OnboardingCollectionViewCell.xib in Resources */,
				066908F02982D46700367ABD /* CodecPro-Thin.ttf in Resources */,
				062EC7C129829A8D0052986F /* girlsMovie.json in Resources */,
				06E93AC6298D37DC006711F6 /* GenresCollectionViewCell.xib in Resources */,
				06B98528297D940700777123 /* Main.storyboard in Resources */,
				062EC7C229829A8D0052986F /* camera.json in Resources */,
				066908F62982D46700367ABD /* CodecPro-UltraBlackItalic.ttf in Resources */,
				0650210B29A62B1A00FEFB79 /* SearchTableViewCell.xib in Resources */,
			);
			runOnlyForDeploymentPostprocessing = 0;
		};
/* End PBXResourcesBuildPhase section */

/* Begin PBXShellScriptBuildPhase section */
		8342F6BCEBF88E04E36AEEBB /* [CP] Embed Pods Frameworks */ = {
			isa = PBXShellScriptBuildPhase;
			buildActionMask = 2147483647;
			files = (
			);
			inputFileListPaths = (
				"${PODS_ROOT}/Target Support Files/Pods-TheMovieDB/Pods-TheMovieDB-frameworks-${CONFIGURATION}-input-files.xcfilelist",
			);
			name = "[CP] Embed Pods Frameworks";
			outputFileListPaths = (
				"${PODS_ROOT}/Target Support Files/Pods-TheMovieDB/Pods-TheMovieDB-frameworks-${CONFIGURATION}-output-files.xcfilelist",
			);
			runOnlyForDeploymentPostprocessing = 0;
			shellPath = /bin/sh;
			shellScript = "\"${PODS_ROOT}/Target Support Files/Pods-TheMovieDB/Pods-TheMovieDB-frameworks.sh\"\n";
			showEnvVarsInLog = 0;
		};
		B1F4E696DFDBBAB2E558CEEC /* [CP] Check Pods Manifest.lock */ = {
			isa = PBXShellScriptBuildPhase;
			buildActionMask = 2147483647;
			files = (
			);
			inputFileListPaths = (
			);
			inputPaths = (
				"${PODS_PODFILE_DIR_PATH}/Podfile.lock",
				"${PODS_ROOT}/Manifest.lock",
			);
			name = "[CP] Check Pods Manifest.lock";
			outputFileListPaths = (
			);
			outputPaths = (
				"$(DERIVED_FILE_DIR)/Pods-TheMovieDB-checkManifestLockResult.txt",
			);
			runOnlyForDeploymentPostprocessing = 0;
			shellPath = /bin/sh;
			shellScript = "diff \"${PODS_PODFILE_DIR_PATH}/Podfile.lock\" \"${PODS_ROOT}/Manifest.lock\" > /dev/null\nif [ $? != 0 ] ; then\n    # print error to STDERR\n    echo \"error: The sandbox is not in sync with the Podfile.lock. Run 'pod install' or update your CocoaPods installation.\" >&2\n    exit 1\nfi\n# This output is used by Xcode 'outputs' to avoid re-running this script phase.\necho \"SUCCESS\" > \"${SCRIPT_OUTPUT_FILE_0}\"\n";
			showEnvVarsInLog = 0;
		};
/* End PBXShellScriptBuildPhase section */

/* Begin PBXSourcesBuildPhase section */
		06B98519297D940700777123 /* Sources */ = {
			isa = PBXSourcesBuildPhase;
			buildActionMask = 2147483647;
			files = (
				06A9088F29856A8100691E6F /* GenresViewController.swift in Sources */,
				06424629299BD4220031F332 /* DetailNetworkManager.swift in Sources */,
				06312C1F299FC1BD00AE26C0 /* DetailCollectionViewCell.swift in Sources */,
				0656ECC829969302003C6929 /* DetailViewController.swift in Sources */,
				06B98539297D958B00777123 /* AuthorizationViewController.swift in Sources */,
				06E93AC4298D37C4006711F6 /* GenresCollectionViewCell.swift in Sources */,
				0678E8B329A23F08006AE959 /* SearchViewModel.swift in Sources */,
				065339AC29893ABB002CE23E /* GenresModels.swift in Sources */,
				06424625299BBCA80031F332 /* FavouritesViewController.swift in Sources */,
				06B98521297D940700777123 /* AppDelegate.swift in Sources */,
				06312C1C299FC03600AE26C0 /* CrewModels.swift in Sources */,
				0678E8B129A23E9C006AE959 /* SearchNetworkManager.swift in Sources */,
				06636DEE29941BDB008DBC9B /* HeaderSectionCollectionViewCell.swift in Sources */,
				06424627299BC1EE0031F332 /* TabBarViewController.swift in Sources */,
				06B9853F297D9AA200777123 /* OnboardViewController.swift in Sources */,
				0613E53B29A0F278000A58B5 /* CastNetworkManager.swift in Sources */,
				0642462D299BDAD60031F332 /* DetailViewModel.swift in Sources */,
				066904F829931ECE00302EE4 /* Constants.swift in Sources */,
				06B9853B297D969600777123 /* AuthorizationNetworkManager.swift in Sources */,
				06198B5D297EE750001809E6 /* AuthorizationViewModel.swift in Sources */,
				06B9853D297D974E00777123 /* AuthorizationModels.swift in Sources */,
				06424623299BBC9B0031F332 /* SearchViewController.swift in Sources */,
				0642462B299BD5CF0031F332 /* VideoPlayerModel.swift in Sources */,
				06B98523297D940700777123 /* SceneDelegate.swift in Sources */,
				06312C16299FBD9400AE26C0 /* CastModels.swift in Sources */,
				0631C19929802F1100215476 /* OnboardingSlideModel.swift in Sources */,
				065339AE2989408B002CE23E /* GenresNetworkManager.swift in Sources */,
				06AB309A298BFB100050F169 /* GenresViewModel.swift in Sources */,
				063FA0812981471000C9BAF0 /* OnboardingCollectionViewCell.swift in Sources */,
				0650210A29A62B1A00FEFB79 /* SearchTableViewCell.swift in Sources */,
				06312C1A299FBFE700AE26C0 /* CastAndCrewResultModels.swift in Sources */,
			);
			runOnlyForDeploymentPostprocessing = 0;
		};
/* End PBXSourcesBuildPhase section */

/* Begin PBXVariantGroup section */
		06B98526297D940700777123 /* Main.storyboard */ = {
			isa = PBXVariantGroup;
			children = (
				06B98527297D940700777123 /* Base */,
			);
			name = Main.storyboard;
			sourceTree = "<group>";
		};
		06B9852B297D940700777123 /* LaunchScreen.storyboard */ = {
			isa = PBXVariantGroup;
			children = (
				06B9852C297D940700777123 /* Base */,
			);
			name = LaunchScreen.storyboard;
			sourceTree = "<group>";
		};
/* End PBXVariantGroup section */

/* Begin XCBuildConfiguration section */
		06B9852F297D940700777123 /* Debug */ = {
			isa = XCBuildConfiguration;
			buildSettings = {
				ALWAYS_SEARCH_USER_PATHS = NO;
				CLANG_ANALYZER_NONNULL = YES;
				CLANG_ANALYZER_NUMBER_OBJECT_CONVERSION = YES_AGGRESSIVE;
				CLANG_CXX_LANGUAGE_STANDARD = "gnu++20";
				CLANG_ENABLE_MODULES = YES;
				CLANG_ENABLE_OBJC_ARC = YES;
				CLANG_ENABLE_OBJC_WEAK = YES;
				CLANG_WARN_BLOCK_CAPTURE_AUTORELEASING = YES;
				CLANG_WARN_BOOL_CONVERSION = YES;
				CLANG_WARN_COMMA = YES;
				CLANG_WARN_CONSTANT_CONVERSION = YES;
				CLANG_WARN_DEPRECATED_OBJC_IMPLEMENTATIONS = YES;
				CLANG_WARN_DIRECT_OBJC_ISA_USAGE = YES_ERROR;
				CLANG_WARN_DOCUMENTATION_COMMENTS = YES;
				CLANG_WARN_EMPTY_BODY = YES;
				CLANG_WARN_ENUM_CONVERSION = YES;
				CLANG_WARN_INFINITE_RECURSION = YES;
				CLANG_WARN_INT_CONVERSION = YES;
				CLANG_WARN_NON_LITERAL_NULL_CONVERSION = YES;
				CLANG_WARN_OBJC_IMPLICIT_RETAIN_SELF = YES;
				CLANG_WARN_OBJC_LITERAL_CONVERSION = YES;
				CLANG_WARN_OBJC_ROOT_CLASS = YES_ERROR;
				CLANG_WARN_QUOTED_INCLUDE_IN_FRAMEWORK_HEADER = YES;
				CLANG_WARN_RANGE_LOOP_ANALYSIS = YES;
				CLANG_WARN_STRICT_PROTOTYPES = YES;
				CLANG_WARN_SUSPICIOUS_MOVE = YES;
				CLANG_WARN_UNGUARDED_AVAILABILITY = YES_AGGRESSIVE;
				CLANG_WARN_UNREACHABLE_CODE = YES;
				CLANG_WARN__DUPLICATE_METHOD_MATCH = YES;
				COPY_PHASE_STRIP = NO;
				DEBUG_INFORMATION_FORMAT = dwarf;
				ENABLE_STRICT_OBJC_MSGSEND = YES;
				ENABLE_TESTABILITY = YES;
				GCC_C_LANGUAGE_STANDARD = gnu11;
				GCC_DYNAMIC_NO_PIC = NO;
				GCC_NO_COMMON_BLOCKS = YES;
				GCC_OPTIMIZATION_LEVEL = 0;
				GCC_PREPROCESSOR_DEFINITIONS = (
					"DEBUG=1",
					"$(inherited)",
				);
				GCC_WARN_64_TO_32_BIT_CONVERSION = YES;
				GCC_WARN_ABOUT_RETURN_TYPE = YES_ERROR;
				GCC_WARN_UNDECLARED_SELECTOR = YES;
				GCC_WARN_UNINITIALIZED_AUTOS = YES_AGGRESSIVE;
				GCC_WARN_UNUSED_FUNCTION = YES;
				GCC_WARN_UNUSED_VARIABLE = YES;
				IPHONEOS_DEPLOYMENT_TARGET = 16.2;
				MTL_ENABLE_DEBUG_INFO = INCLUDE_SOURCE;
				MTL_FAST_MATH = YES;
				ONLY_ACTIVE_ARCH = YES;
				SDKROOT = iphoneos;
				SWIFT_ACTIVE_COMPILATION_CONDITIONS = DEBUG;
				SWIFT_OPTIMIZATION_LEVEL = "-Onone";
			};
			name = Debug;
		};
		06B98530297D940700777123 /* Release */ = {
			isa = XCBuildConfiguration;
			buildSettings = {
				ALWAYS_SEARCH_USER_PATHS = NO;
				CLANG_ANALYZER_NONNULL = YES;
				CLANG_ANALYZER_NUMBER_OBJECT_CONVERSION = YES_AGGRESSIVE;
				CLANG_CXX_LANGUAGE_STANDARD = "gnu++20";
				CLANG_ENABLE_MODULES = YES;
				CLANG_ENABLE_OBJC_ARC = YES;
				CLANG_ENABLE_OBJC_WEAK = YES;
				CLANG_WARN_BLOCK_CAPTURE_AUTORELEASING = YES;
				CLANG_WARN_BOOL_CONVERSION = YES;
				CLANG_WARN_COMMA = YES;
				CLANG_WARN_CONSTANT_CONVERSION = YES;
				CLANG_WARN_DEPRECATED_OBJC_IMPLEMENTATIONS = YES;
				CLANG_WARN_DIRECT_OBJC_ISA_USAGE = YES_ERROR;
				CLANG_WARN_DOCUMENTATION_COMMENTS = YES;
				CLANG_WARN_EMPTY_BODY = YES;
				CLANG_WARN_ENUM_CONVERSION = YES;
				CLANG_WARN_INFINITE_RECURSION = YES;
				CLANG_WARN_INT_CONVERSION = YES;
				CLANG_WARN_NON_LITERAL_NULL_CONVERSION = YES;
				CLANG_WARN_OBJC_IMPLICIT_RETAIN_SELF = YES;
				CLANG_WARN_OBJC_LITERAL_CONVERSION = YES;
				CLANG_WARN_OBJC_ROOT_CLASS = YES_ERROR;
				CLANG_WARN_QUOTED_INCLUDE_IN_FRAMEWORK_HEADER = YES;
				CLANG_WARN_RANGE_LOOP_ANALYSIS = YES;
				CLANG_WARN_STRICT_PROTOTYPES = YES;
				CLANG_WARN_SUSPICIOUS_MOVE = YES;
				CLANG_WARN_UNGUARDED_AVAILABILITY = YES_AGGRESSIVE;
				CLANG_WARN_UNREACHABLE_CODE = YES;
				CLANG_WARN__DUPLICATE_METHOD_MATCH = YES;
				COPY_PHASE_STRIP = NO;
				DEBUG_INFORMATION_FORMAT = "dwarf-with-dsym";
				ENABLE_NS_ASSERTIONS = NO;
				ENABLE_STRICT_OBJC_MSGSEND = YES;
				GCC_C_LANGUAGE_STANDARD = gnu11;
				GCC_NO_COMMON_BLOCKS = YES;
				GCC_WARN_64_TO_32_BIT_CONVERSION = YES;
				GCC_WARN_ABOUT_RETURN_TYPE = YES_ERROR;
				GCC_WARN_UNDECLARED_SELECTOR = YES;
				GCC_WARN_UNINITIALIZED_AUTOS = YES_AGGRESSIVE;
				GCC_WARN_UNUSED_FUNCTION = YES;
				GCC_WARN_UNUSED_VARIABLE = YES;
				IPHONEOS_DEPLOYMENT_TARGET = 16.2;
				MTL_ENABLE_DEBUG_INFO = NO;
				MTL_FAST_MATH = YES;
				SDKROOT = iphoneos;
				SWIFT_COMPILATION_MODE = wholemodule;
				SWIFT_OPTIMIZATION_LEVEL = "-O";
				VALIDATE_PRODUCT = YES;
			};
			name = Release;
		};
		06B98532297D940700777123 /* Debug */ = {
			isa = XCBuildConfiguration;
			baseConfigurationReference = D2CD8924CDF1D00486DCE296 /* Pods-TheMovieDB.debug.xcconfig */;
			buildSettings = {
				ASSETCATALOG_COMPILER_APPICON_NAME = AppIcon;
				ASSETCATALOG_COMPILER_GLOBAL_ACCENT_COLOR_NAME = AccentColor;
				CODE_SIGN_STYLE = Automatic;
				CURRENT_PROJECT_VERSION = 1;
				DEVELOPMENT_TEAM = MD9SFH54JC;
				GENERATE_INFOPLIST_FILE = YES;
				INFOPLIST_FILE = TheMovieDB/Info.plist;
				INFOPLIST_KEY_UIApplicationSupportsIndirectInputEvents = YES;
				INFOPLIST_KEY_UILaunchStoryboardName = LaunchScreen;
				INFOPLIST_KEY_UIMainStoryboardFile = Main;
				INFOPLIST_KEY_UISupportedInterfaceOrientations_iPad = "UIInterfaceOrientationPortrait UIInterfaceOrientationPortraitUpsideDown UIInterfaceOrientationLandscapeLeft UIInterfaceOrientationLandscapeRight";
				INFOPLIST_KEY_UISupportedInterfaceOrientations_iPhone = "UIInterfaceOrientationPortrait UIInterfaceOrientationLandscapeLeft UIInterfaceOrientationLandscapeRight";
				LD_RUNPATH_SEARCH_PATHS = (
					"$(inherited)",
					"@executable_path/Frameworks",
				);
				MARKETING_VERSION = 1.0;
				PRODUCT_BUNDLE_IDENTIFIER = e.docenko.TheMovieDB;
				PRODUCT_NAME = "$(TARGET_NAME)";
				SWIFT_EMIT_LOC_STRINGS = YES;
				SWIFT_VERSION = 5.0;
				TARGETED_DEVICE_FAMILY = "1,2";
			};
			name = Debug;
		};
		06B98533297D940700777123 /* Release */ = {
			isa = XCBuildConfiguration;
			baseConfigurationReference = 962508F82D8DDCAEB0105BAF /* Pods-TheMovieDB.release.xcconfig */;
			buildSettings = {
				ASSETCATALOG_COMPILER_APPICON_NAME = AppIcon;
				ASSETCATALOG_COMPILER_GLOBAL_ACCENT_COLOR_NAME = AccentColor;
				CODE_SIGN_STYLE = Automatic;
				CURRENT_PROJECT_VERSION = 1;
				DEVELOPMENT_TEAM = MD9SFH54JC;
				GENERATE_INFOPLIST_FILE = YES;
				INFOPLIST_FILE = TheMovieDB/Info.plist;
				INFOPLIST_KEY_UIApplicationSupportsIndirectInputEvents = YES;
				INFOPLIST_KEY_UILaunchStoryboardName = LaunchScreen;
				INFOPLIST_KEY_UIMainStoryboardFile = Main;
				INFOPLIST_KEY_UISupportedInterfaceOrientations_iPad = "UIInterfaceOrientationPortrait UIInterfaceOrientationPortraitUpsideDown UIInterfaceOrientationLandscapeLeft UIInterfaceOrientationLandscapeRight";
				INFOPLIST_KEY_UISupportedInterfaceOrientations_iPhone = "UIInterfaceOrientationPortrait UIInterfaceOrientationLandscapeLeft UIInterfaceOrientationLandscapeRight";
				LD_RUNPATH_SEARCH_PATHS = (
					"$(inherited)",
					"@executable_path/Frameworks",
				);
				MARKETING_VERSION = 1.0;
				PRODUCT_BUNDLE_IDENTIFIER = e.docenko.TheMovieDB;
				PRODUCT_NAME = "$(TARGET_NAME)";
				SWIFT_EMIT_LOC_STRINGS = YES;
				SWIFT_VERSION = 5.0;
				TARGETED_DEVICE_FAMILY = "1,2";
			};
			name = Release;
		};
/* End XCBuildConfiguration section */

/* Begin XCConfigurationList section */
		06B98518297D940700777123 /* Build configuration list for PBXProject "TheMovieDB" */ = {
			isa = XCConfigurationList;
			buildConfigurations = (
				06B9852F297D940700777123 /* Debug */,
				06B98530297D940700777123 /* Release */,
			);
			defaultConfigurationIsVisible = 0;
			defaultConfigurationName = Release;
		};
		06B98531297D940700777123 /* Build configuration list for PBXNativeTarget "TheMovieDB" */ = {
			isa = XCConfigurationList;
			buildConfigurations = (
				06B98532297D940700777123 /* Debug */,
				06B98533297D940700777123 /* Release */,
			);
			defaultConfigurationIsVisible = 0;
			defaultConfigurationName = Release;
		};
/* End XCConfigurationList section */
	};
	rootObject = 06B98515297D940700777123 /* Project object */;
}
